
Microsoft Visual Studio Solution File, Format Version 12.00
# Visual Studio Version 16
VisualStudioVersion = 25.0.1706.1
MinimumVisualStudioVersion = 10.0.40219.1
Project("{FAE04EC0-301F-11D3-BF4B-00C04F79EFBC}") = "NuGetHomework", "NuGetHomework\NuGetHomework.csproj", "{69AA04CC-1458-47FD-9564-0159D2EA611D}"
EndProject
Global
	GlobalSection(SolutionConfigurationPlatforms) = preSolution
		Debug|Any CPU = Debug|Any CPU
		Release|Any CPU = Release|Any CPU
	EndGlobalSection
	GlobalSection(ProjectConfigurationPlatforms) = postSolution
		{69AA04CC-1458-47FD-9564-0159D2EA611D}.Debug|Any CPU.ActiveCfg = Debug|Any CPU
		{69AA04CC-1458-47FD-9564-0159D2EA611D}.Debug|Any CPU.Build.0 = Debug|Any CPU
		{69AA04CC-1458-47FD-9564-0159D2EA611D}.Release|Any CPU.ActiveCfg = Release|Any CPU
		{69AA04CC-1458-47FD-9564-0159D2EA611D}.Release|Any CPU.Build.0 = Release|Any CPU
	EndGlobalSection
	GlobalSection(SolutionProperties) = preSolution
		HideSolutionNode = FALSE
	EndGlobalSection
	GlobalSection(ExtensibilityGlobals) = postSolution
		SolutionGuid = {D0C9C236-F598-4AD1-9A7C-03A629B632E3}
	EndGlobalSection
EndGlobal
