
Microsoft Visual Studio Solution File, Format Version 12.00
# Visual Studio Version 16
VisualStudioVersion = 25.0.1706.1
MinimumVisualStudioVersion = 10.0.40219.1
Project("{FAE04EC0-301F-11D3-BF4B-00C04F79EFBC}") = "week11-homework", "week11-homework\week11-homework.csproj", "{226D436A-192E-4484-A811-FA9E665B16CB}"
EndProject
Global
	GlobalSection(SolutionConfigurationPlatforms) = preSolution
		Debug|Any CPU = Debug|Any CPU
		Release|Any CPU = Release|Any CPU
	EndGlobalSection
	GlobalSection(ProjectConfigurationPlatforms) = postSolution
		{226D436A-192E-4484-A811-FA9E665B16CB}.Debug|Any CPU.ActiveCfg = Debug|Any CPU
		{226D436A-192E-4484-A811-FA9E665B16CB}.Debug|Any CPU.Build.0 = Debug|Any CPU
		{226D436A-192E-4484-A811-FA9E665B16CB}.Release|Any CPU.ActiveCfg = Release|Any CPU
		{226D436A-192E-4484-A811-FA9E665B16CB}.Release|Any CPU.Build.0 = Release|Any CPU
	EndGlobalSection
	GlobalSection(SolutionProperties) = preSolution
		HideSolutionNode = FALSE
	EndGlobalSection
	GlobalSection(ExtensibilityGlobals) = postSolution
		SolutionGuid = {80102E51-2743-455D-B640-4E7829FC1652}
	EndGlobalSection
EndGlobal
